
Microsoft Visual Studio Solution File, Format Version 12.00
Project("{2150E333-8FDC-42A3-9474-1A3956D46DE8}") = "Solution Items", "Solution Items", "{6711CB5F-0D3C-4F40-A636-03D1E4C81321}"
	ProjectSection(SolutionItems) = preProject
		.editorconfig = .editorconfig
		.gitattributes = .gitattributes
		.gitignore = .gitignore
		Directory.Build.props = Directory.Build.props
		Directory.Packages.props = Directory.Packages.props
		LICENSE = LICENSE
		README.md = README.md
	EndProjectSection
EndProject
Project("{FAE04EC0-301F-11D3-BF4B-00C04F79EFBC}") = "PalMan", "src\PalMan\PalMan.csproj", "{6434F0D8-CA0D-49F8-8E6C-77899B0FC5A6}"
EndProject
Project("{FAE04EC0-301F-11D3-BF4B-00C04F79EFBC}") = "PalMan.Agent", "src\PalMan.Agent\PalMan.Agent.csproj", "{9289659A-113F-4E43-A5ED-430E60D94380}"
EndProject
Project("{FAE04EC0-301F-11D3-BF4B-00C04F79EFBC}") = "PalMan.Shared", "src\PalMan.Shared\PalMan.Shared.csproj", "{48A55B77-035C-42A6-A5DD-FFFF84816BC3}"
EndProject
Global
	GlobalSection(SolutionConfigurationPlatforms) = preSolution
		Debug|Any CPU = Debug|Any CPU
		Release|Any CPU = Release|Any CPU
	EndGlobalSection
	GlobalSection(ProjectConfigurationPlatforms) = postSolution
		{6434F0D8-CA0D-49F8-8E6C-77899B0FC5A6}.Debug|Any CPU.ActiveCfg = Debug|Any CPU
		{6434F0D8-CA0D-49F8-8E6C-77899B0FC5A6}.Debug|Any CPU.Build.0 = Debug|Any CPU
		{6434F0D8-CA0D-49F8-8E6C-77899B0FC5A6}.Release|Any CPU.ActiveCfg = Release|Any CPU
		{6434F0D8-CA0D-49F8-8E6C-77899B0FC5A6}.Release|Any CPU.Build.0 = Release|Any CPU
		{9289659A-113F-4E43-A5ED-430E60D94380}.Debug|Any CPU.ActiveCfg = Debug|Any CPU
		{9289659A-113F-4E43-A5ED-430E60D94380}.Debug|Any CPU.Build.0 = Debug|Any CPU
		{9289659A-113F-4E43-A5ED-430E60D94380}.Release|Any CPU.ActiveCfg = Release|Any CPU
		{9289659A-113F-4E43-A5ED-430E60D94380}.Release|Any CPU.Build.0 = Release|Any CPU
		{48A55B77-035C-42A6-A5DD-FFFF84816BC3}.Debug|Any CPU.ActiveCfg = Debug|Any CPU
		{48A55B77-035C-42A6-A5DD-FFFF84816BC3}.Debug|Any CPU.Build.0 = Debug|Any CPU
		{48A55B77-035C-42A6-A5DD-FFFF84816BC3}.Release|Any CPU.ActiveCfg = Release|Any CPU
		{48A55B77-035C-42A6-A5DD-FFFF84816BC3}.Release|Any CPU.Build.0 = Release|Any CPU
	EndGlobalSection
EndGlobal
